Microsoft Visual Studio Solution File, Format Version 7.00
Project("{8BC9CEB8-8B4A-11D0-8D11-00A0C91BC942}") = "scaner_gui", "scaner_gui.vcproj", "{957FCE43-CBDC-4CB1-8CD9-DFE6F55D3A1C}"
EndProject
Global
	GlobalSection(SolutionConfiguration) = preSolution
		ConfigName.0 = Debug
		ConfigName.1 = Release
		ConfigName.2 = shit
	EndGlobalSection
	GlobalSection(ProjectDependencies) = postSolution
	EndGlobalSection
	GlobalSection(ProjectConfiguration) = postSolution
		{957FCE43-CBDC-4CB1-8CD9-DFE6F55D3A1C}.Debug.ActiveCfg = Debug|Win32
		{957FCE43-CBDC-4CB1-8CD9-DFE6F55D3A1C}.Debug.Build.0 = Debug|Win32
		{957FCE43-CBDC-4CB1-8CD9-DFE6F55D3A1C}.Release.ActiveCfg = Release|Win32
		{957FCE43-CBDC-4CB1-8CD9-DFE6F55D3A1C}.Release.Build.0 = Release|Win32
		{957FCE43-CBDC-4CB1-8CD9-DFE6F55D3A1C}.shit.ActiveCfg = shit|Win32
		{957FCE43-CBDC-4CB1-8CD9-DFE6F55D3A1C}.shit.Build.0 = shit|Win32
	EndGlobalSection
	GlobalSection(ExtensibilityGlobals) = postSolution
	EndGlobalSection
	GlobalSection(ExtensibilityAddIns) = postSolution
	EndGlobalSection
EndGlobal
